{
  "name": "examples",
  "version": "1.0.0",
  "lockfileVersion": 3,
  "requires": true,
  "packages": {
    "": {
      "name": "examples",
      "version": "1.0.0",
      "license": "ISC",
      "dependencies": {
        "vortexus": "file:../dist"
      }
    },
    "../dist": {
      "name": "vortexus",
      "version": "0.0.1",
      "license": "MIT"
    },
    "node_modules/vortexus": {
      "resolved": "../dist",
      "link": true
    }
  }
}
